
Microsoft Visual Studio Solution File, Format Version 12.00
# Visual Studio Version 16
VisualStudioVersion = 16.0.29519.87
MinimumVisualStudioVersion = 10.0.40219.1
Project("{FAE04EC0-301F-11D3-BF4B-00C04F79EFBC}") = "Abstract class Program", "Abstract class Program\Abstract class Program.csproj", "{3AA64D31-17BE-4C23-84DE-5BDB148A777E}"
EndProject
Global
	GlobalSection(SolutionConfigurationPlatforms) = preSolution
		Debug|Any CPU = Debug|Any CPU
		Release|Any CPU = Release|Any CPU
	EndGlobalSection
	GlobalSection(ProjectConfigurationPlatforms) = postSolution
		{3AA64D31-17BE-4C23-84DE-5BDB148A777E}.Debug|Any CPU.ActiveCfg = Debug|Any CPU
		{3AA64D31-17BE-4C23-84DE-5BDB148A777E}.Debug|Any CPU.Build.0 = Debug|Any CPU
		{3AA64D31-17BE-4C23-84DE-5BDB148A777E}.Release|Any CPU.ActiveCfg = Release|Any CPU
		{3AA64D31-17BE-4C23-84DE-5BDB148A777E}.Release|Any CPU.Build.0 = Release|Any CPU
	EndGlobalSection
	GlobalSection(SolutionProperties) = preSolution
		HideSolutionNode = FALSE
	EndGlobalSection
	GlobalSection(ExtensibilityGlobals) = postSolution
		SolutionGuid = {EAF2687D-21A4-44F3-ACDB-D215D87AD175}
	EndGlobalSection
EndGlobal
